
Microsoft Visual Studio Solution File, Format Version 12.00
# Visual Studio 15
VisualStudioVersion = 15.0.26124.0
MinimumVisualStudioVersion = 15.0.26124.0
Project("{9A19103F-16F7-4668-BE54-9A1E7A4F7556}") = "R5T.Virconium.Default.Construction", "R5T.Virconium.Default.Construction\R5T.Virconium.Default.Construction.csproj", "{2C1B60AB-E2CB-46F4-8EA3-1E1C27644F05}"
EndProject
Project("{9A19103F-16F7-4668-BE54-9A1E7A4F7556}") = "R5T.Virconium.Default", "R5T.Virconium.Default\R5T.Virconium.Default.csproj", "{89889D7E-BBB3-4AE0-BA66-087A122D9B96}"
EndProject
Project("{9A19103F-16F7-4668-BE54-9A1E7A4F7556}") = "R5T.Virconium.Default.Testing", "R5T.Virconium.Default.Testing\R5T.Virconium.Default.Testing.csproj", "{1E322A8B-10D2-49D4-94A4-CC28FC544FCC}"
EndProject
Project("{2150E333-8FDC-42A3-9474-1A3956D46DE8}") = "_Dependencies", "_Dependencies", "{BC536E3A-9B66-4086-8BED-61958A91EA1E}"
EndProject
Project("{9A19103F-16F7-4668-BE54-9A1E7A4F7556}") = "R5T.Virconium.Base", "..\..\R5T.Virconium.Base\source\R5T.Virconium.Base\R5T.Virconium.Base.csproj", "{61845E8A-2696-45DD-8132-E71BA15ABA96}"
EndProject
Project("{9A19103F-16F7-4668-BE54-9A1E7A4F7556}") = "R5T.Code.VS.ProjectFile.Types", "..\..\R5T.Code.VS.ProjectFile.Types\source\R5T.Code.VS.ProjectFile.Types\R5T.Code.VS.ProjectFile.Types.csproj", "{EF758F53-FDA7-4EDE-89F8-3A79D8759AE6}"
EndProject
Project("{9A19103F-16F7-4668-BE54-9A1E7A4F7556}") = "R5T.Code.VS.SolutionFile.Types", "..\..\R5T.Code.VS.SolutionFile.Types\source\R5T.Code.VS.SolutionFile.Types\R5T.Code.VS.SolutionFile.Types.csproj", "{5D038862-A700-4A8B-945E-35E8BB4AD16C}"
EndProject
Project("{9A19103F-16F7-4668-BE54-9A1E7A4F7556}") = "R5T.Magyar", "..\..\R5T.Magyar\source\R5T.Magyar\R5T.Magyar.csproj", "{9D39F34E-AA3D-4849-8D7C-8AD125B25321}"
EndProject
Project("{9A19103F-16F7-4668-BE54-9A1E7A4F7556}") = "R5T.NetStandard.IO.Paths.Types", "..\..\R5T.NetStandard.IO.Paths.Types\source\R5T.NetStandard.IO.Paths.Types\R5T.NetStandard.IO.Paths.Types.csproj", "{CBCC4C10-2D32-41CB-A183-64D24F9807DB}"
EndProject
Project("{9A19103F-16F7-4668-BE54-9A1E7A4F7556}") = "R5T.NetStandard.IO.Paths.Base", "..\..\R5T.NetStandard.IO.Paths.Base\source\R5T.NetStandard.IO.Paths.Base\R5T.NetStandard.IO.Paths.Base.csproj", "{F43FC241-9A56-485D-BC13-D23FE03CF787}"
EndProject
Project("{9A19103F-16F7-4668-BE54-9A1E7A4F7556}") = "R5T.NetStandard.TypedString", "..\..\R5T.NetStandard.TypedString\source\R5T.NetStandard.TypedString\R5T.NetStandard.TypedString.csproj", "{FF571F38-6408-4EF7-A064-CF26F3E76881}"
EndProject
Project("{9A19103F-16F7-4668-BE54-9A1E7A4F7556}") = "R5T.NetStandard.Types", "..\..\R5T.NetStandard.Types\source\R5T.NetStandard.Types\R5T.NetStandard.Types.csproj", "{8B9259E7-B5E4-4A2C-A371-0383C555F84A}"
EndProject
Project("{9A19103F-16F7-4668-BE54-9A1E7A4F7556}") = "R5T.NetStandard.IO.Serialization", "..\..\R5T.NetStandard.IO.Serialization\source\R5T.NetStandard.IO.Serialization\R5T.NetStandard.IO.Serialization.csproj", "{F31AA430-AB71-45DB-B3EF-256B3FAD48C7}"
EndProject
Project("{9A19103F-16F7-4668-BE54-9A1E7A4F7556}") = "R5T.NetStandard.IO.Types", "..\..\R5T.NetStandard.IO.Types\source\R5T.NetStandard.IO.Types\R5T.NetStandard.IO.Types.csproj", "{F0315E07-3ADE-423C-A70D-1697BFDBE2C7}"
EndProject
Project("{9A19103F-16F7-4668-BE54-9A1E7A4F7556}") = "R5T.NetStandard.Xml", "..\..\R5T.NetStandard.Xml\source\R5T.NetStandard.Xml\R5T.NetStandard.Xml.csproj", "{ABF28A1C-5178-46E5-A4F0-F5CC2B017986}"
EndProject
Project("{9A19103F-16F7-4668-BE54-9A1E7A4F7556}") = "R5T.Code.VS.IO.Types", "..\..\R5T.Code.VS.IO.Types\source\R5T.Code.VS.IO.Types\R5T.Code.VS.IO.Types.csproj", "{E0AA9EF0-98AE-4AC9-92DD-0666EC0A5BB1}"
EndProject
Project("{9A19103F-16F7-4668-BE54-9A1E7A4F7556}") = "R5T.Code.VS.Types.Core", "..\..\R5T.Code.VS.Types.Core\source\R5T.Code.VS.Types.Core\R5T.Code.VS.Types.Core.csproj", "{BAC7B1EF-3DCF-4297-BF66-96D1B52ADC61}"
EndProject
Project("{9A19103F-16F7-4668-BE54-9A1E7A4F7556}") = "R5T.T0064", "..\..\R5T.T0064\source\R5T.T0064\R5T.T0064.csproj", "{CD45BFED-00F9-4098-9402-AFC885A8F135}"
EndProject
Global
	GlobalSection(SolutionConfigurationPlatforms) = preSolution
		Debug|Any CPU = Debug|Any CPU
		Debug|x64 = Debug|x64
		Debug|x86 = Debug|x86
		Release|Any CPU = Release|Any CPU
		Release|x64 = Release|x64
		Release|x86 = Release|x86
	EndGlobalSection
	GlobalSection(ProjectConfigurationPlatforms) = postSolution
		{2C1B60AB-E2CB-46F4-8EA3-1E1C27644F05}.Debug|Any CPU.ActiveCfg = Debug|Any CPU
		{2C1B60AB-E2CB-46F4-8EA3-1E1C27644F05}.Debug|Any CPU.Build.0 = Debug|Any CPU
		{2C1B60AB-E2CB-46F4-8EA3-1E1C27644F05}.Debug|x64.ActiveCfg = Debug|Any CPU
		{2C1B60AB-E2CB-46F4-8EA3-1E1C27644F05}.Debug|x64.Build.0 = Debug|Any CPU
		{2C1B60AB-E2CB-46F4-8EA3-1E1C27644F05}.Debug|x86.ActiveCfg = Debug|Any CPU
		{2C1B60AB-E2CB-46F4-8EA3-1E1C27644F05}.Debug|x86.Build.0 = Debug|Any CPU
		{2C1B60AB-E2CB-46F4-8EA3-1E1C27644F05}.Release|Any CPU.ActiveCfg = Release|Any CPU
		{2C1B60AB-E2CB-46F4-8EA3-1E1C27644F05}.Release|Any CPU.Build.0 = Release|Any CPU
		{2C1B60AB-E2CB-46F4-8EA3-1E1C27644F05}.Release|x64.ActiveCfg = Release|Any CPU
		{2C1B60AB-E2CB-46F4-8EA3-1E1C27644F05}.Release|x64.Build.0 = Release|Any CPU
		{2C1B60AB-E2CB-46F4-8EA3-1E1C27644F05}.Release|x86.ActiveCfg = Release|Any CPU
		{2C1B60AB-E2CB-46F4-8EA3-1E1C27644F05}.Release|x86.Build.0 = Release|Any CPU
		{89889D7E-BBB3-4AE0-BA66-087A122D9B96}.Debug|Any CPU.ActiveCfg = Debug|Any CPU
		{89889D7E-BBB3-4AE0-BA66-087A122D9B96}.Debug|Any CPU.Build.0 = Debug|Any CPU
		{89889D7E-BBB3-4AE0-BA66-087A122D9B96}.Debug|x64.ActiveCfg = Debug|Any CPU
		{89889D7E-BBB3-4AE0-BA66-087A122D9B96}.Debug|x64.Build.0 = Debug|Any CPU
		{89889D7E-BBB3-4AE0-BA66-087A122D9B96}.Debug|x86.ActiveCfg = Debug|Any CPU
		{89889D7E-BBB3-4AE0-BA66-087A122D9B96}.Debug|x86.Build.0 = Debug|Any CPU
		{89889D7E-BBB3-4AE0-BA66-087A122D9B96}.Release|Any CPU.ActiveCfg = Release|Any CPU
		{89889D7E-BBB3-4AE0-BA66-087A122D9B96}.Release|Any CPU.Build.0 = Release|Any CPU
		{89889D7E-BBB3-4AE0-BA66-087A122D9B96}.Release|x64.ActiveCfg = Release|Any CPU
		{89889D7E-BBB3-4AE0-BA66-087A122D9B96}.Release|x64.Build.0 = Release|Any CPU
		{89889D7E-BBB3-4AE0-BA66-087A122D9B96}.Release|x86.ActiveCfg = Release|Any CPU
		{89889D7E-BBB3-4AE0-BA66-087A122D9B96}.Release|x86.Build.0 = Release|Any CPU
		{1E322A8B-10D2-49D4-94A4-CC28FC544FCC}.Debug|Any CPU.ActiveCfg = Debug|Any CPU
		{1E322A8B-10D2-49D4-94A4-CC28FC544FCC}.Debug|Any CPU.Build.0 = Debug|Any CPU
		{1E322A8B-10D2-49D4-94A4-CC28FC544FCC}.Debug|x64.ActiveCfg = Debug|Any CPU
		{1E322A8B-10D2-49D4-94A4-CC28FC544FCC}.Debug|x64.Build.0 = Debug|Any CPU
		{1E322A8B-10D2-49D4-94A4-CC28FC544FCC}.Debug|x86.ActiveCfg = Debug|Any CPU
		{1E322A8B-10D2-49D4-94A4-CC28FC544FCC}.Debug|x86.Build.0 = Debug|Any CPU
		{1E322A8B-10D2-49D4-94A4-CC28FC544FCC}.Release|Any CPU.ActiveCfg = Release|Any CPU
		{1E322A8B-10D2-49D4-94A4-CC28FC544FCC}.Release|Any CPU.Build.0 = Release|Any CPU
		{1E322A8B-10D2-49D4-94A4-CC28FC544FCC}.Release|x64.ActiveCfg = Release|Any CPU
		{1E322A8B-10D2-49D4-94A4-CC28FC544FCC}.Release|x64.Build.0 = Release|Any CPU
		{1E322A8B-10D2-49D4-94A4-CC28FC544FCC}.Release|x86.ActiveCfg = Release|Any CPU
		{1E322A8B-10D2-49D4-94A4-CC28FC544FCC}.Release|x86.Build.0 = Release|Any CPU
		{61845E8A-2696-45DD-8132-E71BA15ABA96}.Debug|Any CPU.ActiveCfg = Debug|Any CPU
		{61845E8A-2696-45DD-8132-E71BA15ABA96}.Debug|Any CPU.Build.0 = Debug|Any CPU
		{61845E8A-2696-45DD-8132-E71BA15ABA96}.Debug|x64.ActiveCfg = Debug|Any CPU
		{61845E8A-2696-45DD-8132-E71BA15ABA96}.Debug|x64.Build.0 = Debug|Any CPU
		{61845E8A-2696-45DD-8132-E71BA15ABA96}.Debug|x86.ActiveCfg = Debug|Any CPU
		{61845E8A-2696-45DD-8132-E71BA15ABA96}.Debug|x86.Build.0 = Debug|Any CPU
		{61845E8A-2696-45DD-8132-E71BA15ABA96}.Release|Any CPU.ActiveCfg = Release|Any CPU
		{61845E8A-2696-45DD-8132-E71BA15ABA96}.Release|Any CPU.Build.0 = Release|Any CPU
		{61845E8A-2696-45DD-8132-E71BA15ABA96}.Release|x64.ActiveCfg = Release|Any CPU
		{61845E8A-2696-45DD-8132-E71BA15ABA96}.Release|x64.Build.0 = Release|Any CPU
		{61845E8A-2696-45DD-8132-E71BA15ABA96}.Release|x86.ActiveCfg = Release|Any CPU
		{61845E8A-2696-45DD-8132-E71BA15ABA96}.Release|x86.Build.0 = Release|Any CPU
		{EF758F53-FDA7-4EDE-89F8-3A79D8759AE6}.Debug|Any CPU.ActiveCfg = Debug|Any CPU
		{EF758F53-FDA7-4EDE-89F8-3A79D8759AE6}.Debug|Any CPU.Build.0 = Debug|Any CPU
		{EF758F53-FDA7-4EDE-89F8-3A79D8759AE6}.Debug|x64.ActiveCfg = Debug|Any CPU
		{EF758F53-FDA7-4EDE-89F8-3A79D8759AE6}.Debug|x64.Build.0 = Debug|Any CPU
		{EF758F53-FDA7-4EDE-89F8-3A79D8759AE6}.Debug|x86.ActiveCfg = Debug|Any CPU
		{EF758F53-FDA7-4EDE-89F8-3A79D8759AE6}.Debug|x86.Build.0 = Debug|Any CPU
		{EF758F53-FDA7-4EDE-89F8-3A79D8759AE6}.Release|Any CPU.ActiveCfg = Release|Any CPU
		{EF758F53-FDA7-4EDE-89F8-3A79D8759AE6}.Release|Any CPU.Build.0 = Release|Any CPU
		{EF758F53-FDA7-4EDE-89F8-3A79D8759AE6}.Release|x64.ActiveCfg = Release|Any CPU
		{EF758F53-FDA7-4EDE-89F8-3A79D8759AE6}.Release|x64.Build.0 = Release|Any CPU
		{EF758F53-FDA7-4EDE-89F8-3A79D8759AE6}.Release|x86.ActiveCfg = Release|Any CPU
		{EF758F53-FDA7-4EDE-89F8-3A79D8759AE6}.Release|x86.Build.0 = Release|Any CPU
		{5D038862-A700-4A8B-945E-35E8BB4AD16C}.Debug|Any CPU.ActiveCfg = Debug|Any CPU
		{5D038862-A700-4A8B-945E-35E8BB4AD16C}.Debug|Any CPU.Build.0 = Debug|Any CPU
		{5D038862-A700-4A8B-945E-35E8BB4AD16C}.Debug|x64.ActiveCfg = Debug|Any CPU
		{5D038862-A700-4A8B-945E-35E8BB4AD16C}.Debug|x64.Build.0 = Debug|Any CPU
		{5D038862-A700-4A8B-945E-35E8BB4AD16C}.Debug|x86.ActiveCfg = Debug|Any CPU
		{5D038862-A700-4A8B-945E-35E8BB4AD16C}.Debug|x86.Build.0 = Debug|Any CPU
		{5D038862-A700-4A8B-945E-35E8BB4AD16C}.Release|Any CPU.ActiveCfg = Release|Any CPU
		{5D038862-A700-4A8B-945E-35E8BB4AD16C}.Release|Any CPU.Build.0 = Release|Any CPU
		{5D038862-A700-4A8B-945E-35E8BB4AD16C}.Release|x64.ActiveCfg = Release|Any CPU
		{5D038862-A700-4A8B-945E-35E8BB4AD16C}.Release|x64.Build.0 = Release|Any CPU
		{5D038862-A700-4A8B-945E-35E8BB4AD16C}.Release|x86.ActiveCfg = Release|Any CPU
		{5D038862-A700-4A8B-945E-35E8BB4AD16C}.Release|x86.Build.0 = Release|Any CPU
		{9D39F34E-AA3D-4849-8D7C-8AD125B25321}.Debug|Any CPU.ActiveCfg = Debug|Any CPU
		{9D39F34E-AA3D-4849-8D7C-8AD125B25321}.Debug|Any CPU.Build.0 = Debug|Any CPU
		{9D39F34E-AA3D-4849-8D7C-8AD125B25321}.Debug|x64.ActiveCfg = Debug|Any CPU
		{9D39F34E-AA3D-4849-8D7C-8AD125B25321}.Debug|x64.Build.0 = Debug|Any CPU
		{9D39F34E-AA3D-4849-8D7C-8AD125B25321}.Debug|x86.ActiveCfg = Debug|Any CPU
		{9D39F34E-AA3D-4849-8D7C-8AD125B25321}.Debug|x86.Build.0 = Debug|Any CPU
		{9D39F34E-AA3D-4849-8D7C-8AD125B25321}.Release|Any CPU.ActiveCfg = Release|Any CPU
		{9D39F34E-AA3D-4849-8D7C-8AD125B25321}.Release|Any CPU.Build.0 = Release|Any CPU
		{9D39F34E-AA3D-4849-8D7C-8AD125B25321}.Release|x64.ActiveCfg = Release|Any CPU
		{9D39F34E-AA3D-4849-8D7C-8AD125B25321}.Release|x64.Build.0 = Release|Any CPU
		{9D39F34E-AA3D-4849-8D7C-8AD125B25321}.Release|x86.ActiveCfg = Release|Any CPU
		{9D39F34E-AA3D-4849-8D7C-8AD125B25321}.Release|x86.Build.0 = Release|Any CPU
		{CBCC4C10-2D32-41CB-A183-64D24F9807DB}.Debug|Any CPU.ActiveCfg = Debug|Any CPU
		{CBCC4C10-2D32-41CB-A183-64D24F9807DB}.Debug|Any CPU.Build.0 = Debug|Any CPU
		{CBCC4C10-2D32-41CB-A183-64D24F9807DB}.Debug|x64.ActiveCfg = Debug|Any CPU
		{CBCC4C10-2D32-41CB-A183-64D24F9807DB}.Debug|x64.Build.0 = Debug|Any CPU
		{CBCC4C10-2D32-41CB-A183-64D24F9807DB}.Debug|x86.ActiveCfg = Debug|Any CPU
		{CBCC4C10-2D32-41CB-A183-64D24F9807DB}.Debug|x86.Build.0 = Debug|Any CPU
		{CBCC4C10-2D32-41CB-A183-64D24F9807DB}.Release|Any CPU.ActiveCfg = Release|Any CPU
		{CBCC4C10-2D32-41CB-A183-64D24F9807DB}.Release|Any CPU.Build.0 = Release|Any CPU
		{CBCC4C10-2D32-41CB-A183-64D24F9807DB}.Release|x64.ActiveCfg = Release|Any CPU
		{CBCC4C10-2D32-41CB-A183-64D24F9807DB}.Release|x64.Build.0 = Release|Any CPU
		{CBCC4C10-2D32-41CB-A183-64D24F9807DB}.Release|x86.ActiveCfg = Release|Any CPU
		{CBCC4C10-2D32-41CB-A183-64D24F9807DB}.Release|x86.Build.0 = Release|Any CPU
		{F43FC241-9A56-485D-BC13-D23FE03CF787}.Debug|Any CPU.ActiveCfg = Debug|Any CPU
		{F43FC241-9A56-485D-BC13-D23FE03CF787}.Debug|Any CPU.Build.0 = Debug|Any CPU
		{F43FC241-9A56-485D-BC13-D23FE03CF787}.Debug|x64.ActiveCfg = Debug|Any CPU
		{F43FC241-9A56-485D-BC13-D23FE03CF787}.Debug|x64.Build.0 = Debug|Any CPU
		{F43FC241-9A56-485D-BC13-D23FE03CF787}.Debug|x86.ActiveCfg = Debug|Any CPU
		{F43FC241-9A56-485D-BC13-D23FE03CF787}.Debug|x86.Build.0 = Debug|Any CPU
		{F43FC241-9A56-485D-BC13-D23FE03CF787}.Release|Any CPU.ActiveCfg = Release|Any CPU
		{F43FC241-9A56-485D-BC13-D23FE03CF787}.Release|Any CPU.Build.0 = Release|Any CPU
		{F43FC241-9A56-485D-BC13-D23FE03CF787}.Release|x64.ActiveCfg = Release|Any CPU
		{F43FC241-9A56-485D-BC13-D23FE03CF787}.Release|x64.Build.0 = Release|Any CPU
		{F43FC241-9A56-485D-BC13-D23FE03CF787}.Release|x86.ActiveCfg = Release|Any CPU
		{F43FC241-9A56-485D-BC13-D23FE03CF787}.Release|x86.Build.0 = Release|Any CPU
		{FF571F38-6408-4EF7-A064-CF26F3E76881}.Debug|Any CPU.ActiveCfg = Debug|Any CPU
		{FF571F38-6408-4EF7-A064-CF26F3E76881}.Debug|Any CPU.Build.0 = Debug|Any CPU
		{FF571F38-6408-4EF7-A064-CF26F3E76881}.Debug|x64.ActiveCfg = Debug|Any CPU
		{FF571F38-6408-4EF7-A064-CF26F3E76881}.Debug|x64.Build.0 = Debug|Any CPU
		{FF571F38-6408-4EF7-A064-CF26F3E76881}.Debug|x86.ActiveCfg = Debug|Any CPU
		{FF571F38-6408-4EF7-A064-CF26F3E76881}.Debug|x86.Build.0 = Debug|Any CPU
		{FF571F38-6408-4EF7-A064-CF26F3E76881}.Release|Any CPU.ActiveCfg = Release|Any CPU
		{FF571F38-6408-4EF7-A064-CF26F3E76881}.Release|Any CPU.Build.0 = Release|Any CPU
		{FF571F38-6408-4EF7-A064-CF26F3E76881}.Release|x64.ActiveCfg = Release|Any CPU
		{FF571F38-6408-4EF7-A064-CF26F3E76881}.Release|x64.Build.0 = Release|Any CPU
		{FF571F38-6408-4EF7-A064-CF26F3E76881}.Release|x86.ActiveCfg = Release|Any CPU
		{FF571F38-6408-4EF7-A064-CF26F3E76881}.Release|x86.Build.0 = Release|Any CPU
		{8B9259E7-B5E4-4A2C-A371-0383C555F84A}.Debug|Any CPU.ActiveCfg = Debug|Any CPU
		{8B9259E7-B5E4-4A2C-A371-0383C555F84A}.Debug|Any CPU.Build.0 = Debug|Any CPU
		{8B9259E7-B5E4-4A2C-A371-0383C555F84A}.Debug|x64.ActiveCfg = Debug|Any CPU
		{8B9259E7-B5E4-4A2C-A371-0383C555F84A}.Debug|x64.Build.0 = Debug|Any CPU
		{8B9259E7-B5E4-4A2C-A371-0383C555F84A}.Debug|x86.ActiveCfg = Debug|Any CPU
		{8B9259E7-B5E4-4A2C-A371-0383C555F84A}.Debug|x86.Build.0 = Debug|Any CPU
		{8B9259E7-B5E4-4A2C-A371-0383C555F84A}.Release|Any CPU.ActiveCfg = Release|Any CPU
		{8B9259E7-B5E4-4A2C-A371-0383C555F84A}.Release|Any CPU.Build.0 = Release|Any CPU
		{8B9259E7-B5E4-4A2C-A371-0383C555F84A}.Release|x64.ActiveCfg = Release|Any CPU
		{8B9259E7-B5E4-4A2C-A371-0383C555F84A}.Release|x64.Build.0 = Release|Any CPU
		{8B9259E7-B5E4-4A2C-A371-0383C555F84A}.Release|x86.ActiveCfg = Release|Any CPU
		{8B9259E7-B5E4-4A2C-A371-0383C555F84A}.Release|x86.Build.0 = Release|Any CPU
		{F31AA430-AB71-45DB-B3EF-256B3FAD48C7}.Debug|Any CPU.ActiveCfg = Debug|Any CPU
		{F31AA430-AB71-45DB-B3EF-256B3FAD48C7}.Debug|Any CPU.Build.0 = Debug|Any CPU
		{F31AA430-AB71-45DB-B3EF-256B3FAD48C7}.Debug|x64.ActiveCfg = Debug|Any CPU
		{F31AA430-AB71-45DB-B3EF-256B3FAD48C7}.Debug|x64.Build.0 = Debug|Any CPU
		{F31AA430-AB71-45DB-B3EF-256B3FAD48C7}.Debug|x86.ActiveCfg = Debug|Any CPU
		{F31AA430-AB71-45DB-B3EF-256B3FAD48C7}.Debug|x86.Build.0 = Debug|Any CPU
		{F31AA430-AB71-45DB-B3EF-256B3FAD48C7}.Release|Any CPU.ActiveCfg = Release|Any CPU
		{F31AA430-AB71-45DB-B3EF-256B3FAD48C7}.Release|Any CPU.Build.0 = Release|Any CPU
		{F31AA430-AB71-45DB-B3EF-256B3FAD48C7}.Release|x64.ActiveCfg = Release|Any CPU
		{F31AA430-AB71-45DB-B3EF-256B3FAD48C7}.Release|x64.Build.0 = Release|Any CPU
		{F31AA430-AB71-45DB-B3EF-256B3FAD48C7}.Release|x86.ActiveCfg = Release|Any CPU
		{F31AA430-AB71-45DB-B3EF-256B3FAD48C7}.Release|x86.Build.0 = Release|Any CPU
		{F0315E07-3ADE-423C-A70D-1697BFDBE2C7}.Debug|Any CPU.ActiveCfg = Debug|Any CPU
		{F0315E07-3ADE-423C-A70D-1697BFDBE2C7}.Debug|Any CPU.Build.0 = Debug|Any CPU
		{F0315E07-3ADE-423C-A70D-1697BFDBE2C7}.Debug|x64.ActiveCfg = Debug|Any CPU
		{F0315E07-3ADE-423C-A70D-1697BFDBE2C7}.Debug|x64.Build.0 = Debug|Any CPU
		{F0315E07-3ADE-423C-A70D-1697BFDBE2C7}.Debug|x86.ActiveCfg = Debug|Any CPU
		{F0315E07-3ADE-423C-A70D-1697BFDBE2C7}.Debug|x86.Build.0 = Debug|Any CPU
		{F0315E07-3ADE-423C-A70D-1697BFDBE2C7}.Release|Any CPU.ActiveCfg = Release|Any CPU
		{F0315E07-3ADE-423C-A70D-1697BFDBE2C7}.Release|Any CPU.Build.0 = Release|Any CPU
		{F0315E07-3ADE-423C-A70D-1697BFDBE2C7}.Release|x64.ActiveCfg = Release|Any CPU
		{F0315E07-3ADE-423C-A70D-1697BFDBE2C7}.Release|x64.Build.0 = Release|Any CPU
		{F0315E07-3ADE-423C-A70D-1697BFDBE2C7}.Release|x86.ActiveCfg = Release|Any CPU
		{F0315E07-3ADE-423C-A70D-1697BFDBE2C7}.Release|x86.Build.0 = Release|Any CPU
		{ABF28A1C-5178-46E5-A4F0-F5CC2B017986}.Debug|Any CPU.ActiveCfg = Debug|Any CPU
		{ABF28A1C-5178-46E5-A4F0-F5CC2B017986}.Debug|Any CPU.Build.0 = Debug|Any CPU
		{ABF28A1C-5178-46E5-A4F0-F5CC2B017986}.Debug|x64.ActiveCfg = Debug|Any CPU
		{ABF28A1C-5178-46E5-A4F0-F5CC2B017986}.Debug|x64.Build.0 = Debug|Any CPU
		{ABF28A1C-5178-46E5-A4F0-F5CC2B017986}.Debug|x86.ActiveCfg = Debug|Any CPU
		{ABF28A1C-5178-46E5-A4F0-F5CC2B017986}.Debug|x86.Build.0 = Debug|Any CPU
		{ABF28A1C-5178-46E5-A4F0-F5CC2B017986}.Release|Any CPU.ActiveCfg = Release|Any CPU
		{ABF28A1C-5178-46E5-A4F0-F5CC2B017986}.Release|Any CPU.Build.0 = Release|Any CPU
		{ABF28A1C-5178-46E5-A4F0-F5CC2B017986}.Release|x64.ActiveCfg = Release|Any CPU
		{ABF28A1C-5178-46E5-A4F0-F5CC2B017986}.Release|x64.Build.0 = Release|Any CPU
		{ABF28A1C-5178-46E5-A4F0-F5CC2B017986}.Release|x86.ActiveCfg = Release|Any CPU
		{ABF28A1C-5178-46E5-A4F0-F5CC2B017986}.Release|x86.Build.0 = Release|Any CPU
		{E0AA9EF0-98AE-4AC9-92DD-0666EC0A5BB1}.Debug|Any CPU.ActiveCfg = Debug|Any CPU
		{E0AA9EF0-98AE-4AC9-92DD-0666EC0A5BB1}.Debug|Any CPU.Build.0 = Debug|Any CPU
		{E0AA9EF0-98AE-4AC9-92DD-0666EC0A5BB1}.Debug|x64.ActiveCfg = Debug|Any CPU
		{E0AA9EF0-98AE-4AC9-92DD-0666EC0A5BB1}.Debug|x64.Build.0 = Debug|Any CPU
		{E0AA9EF0-98AE-4AC9-92DD-0666EC0A5BB1}.Debug|x86.ActiveCfg = Debug|Any CPU
		{E0AA9EF0-98AE-4AC9-92DD-0666EC0A5BB1}.Debug|x86.Build.0 = Debug|Any CPU
		{E0AA9EF0-98AE-4AC9-92DD-0666EC0A5BB1}.Release|Any CPU.ActiveCfg = Release|Any CPU
		{E0AA9EF0-98AE-4AC9-92DD-0666EC0A5BB1}.Release|Any CPU.Build.0 = Release|Any CPU
		{E0AA9EF0-98AE-4AC9-92DD-0666EC0A5BB1}.Release|x64.ActiveCfg = Release|Any CPU
		{E0AA9EF0-98AE-4AC9-92DD-0666EC0A5BB1}.Release|x64.Build.0 = Release|Any CPU
		{E0AA9EF0-98AE-4AC9-92DD-0666EC0A5BB1}.Release|x86.ActiveCfg = Release|Any CPU
		{E0AA9EF0-98AE-4AC9-92DD-0666EC0A5BB1}.Release|x86.Build.0 = Release|Any CPU
		{BAC7B1EF-3DCF-4297-BF66-96D1B52ADC61}.Debug|Any CPU.ActiveCfg = Debug|Any CPU
		{BAC7B1EF-3DCF-4297-BF66-96D1B52ADC61}.Debug|Any CPU.Build.0 = Debug|Any CPU
		{BAC7B1EF-3DCF-4297-BF66-96D1B52ADC61}.Debug|x64.ActiveCfg = Debug|Any CPU
		{BAC7B1EF-3DCF-4297-BF66-96D1B52ADC61}.Debug|x64.Build.0 = Debug|Any CPU
		{BAC7B1EF-3DCF-4297-BF66-96D1B52ADC61}.Debug|x86.ActiveCfg = Debug|Any CPU
		{BAC7B1EF-3DCF-4297-BF66-96D1B52ADC61}.Debug|x86.Build.0 = Debug|Any CPU
		{BAC7B1EF-3DCF-4297-BF66-96D1B52ADC61}.Release|Any CPU.ActiveCfg = Release|Any CPU
		{BAC7B1EF-3DCF-4297-BF66-96D1B52ADC61}.Release|Any CPU.Build.0 = Release|Any CPU
		{BAC7B1EF-3DCF-4297-BF66-96D1B52ADC61}.Release|x64.ActiveCfg = Release|Any CPU
		{BAC7B1EF-3DCF-4297-BF66-96D1B52ADC61}.Release|x64.Build.0 = Release|Any CPU
		{BAC7B1EF-3DCF-4297-BF66-96D1B52ADC61}.Release|x86.ActiveCfg = Release|Any CPU
		{BAC7B1EF-3DCF-4297-BF66-96D1B52ADC61}.Release|x86.Build.0 = Release|Any CPU
		{CD45BFED-00F9-4098-9402-AFC885A8F135}.Debug|Any CPU.ActiveCfg = Debug|Any CPU
		{CD45BFED-00F9-4098-9402-AFC885A8F135}.Debug|Any CPU.Build.0 = Debug|Any CPU
		{CD45BFED-00F9-4098-9402-AFC885A8F135}.Debug|x64.ActiveCfg = Debug|Any CPU
		{CD45BFED-00F9-4098-9402-AFC885A8F135}.Debug|x64.Build.0 = Debug|Any CPU
		{CD45BFED-00F9-4098-9402-AFC885A8F135}.Debug|x86.ActiveCfg = Debug|Any CPU
		{CD45BFED-00F9-4098-9402-AFC885A8F135}.Debug|x86.Build.0 = Debug|Any CPU
		{CD45BFED-00F9-4098-9402-AFC885A8F135}.Release|Any CPU.ActiveCfg = Release|Any CPU
		{CD45BFED-00F9-4098-9402-AFC885A8F135}.Release|Any CPU.Build.0 = Release|Any CPU
		{CD45BFED-00F9-4098-9402-AFC885A8F135}.Release|x64.ActiveCfg = Release|Any CPU
		{CD45BFED-00F9-4098-9402-AFC885A8F135}.Release|x64.Build.0 = Release|Any CPU
		{CD45BFED-00F9-4098-9402-AFC885A8F135}.Release|x86.ActiveCfg = Release|Any CPU
		{CD45BFED-00F9-4098-9402-AFC885A8F135}.Release|x86.Build.0 = Release|Any CPU
	EndGlobalSection
	GlobalSection(SolutionProperties) = preSolution
		HideSolutionNode = FALSE
	EndGlobalSection
	GlobalSection(NestedProjects) = preSolution
		{61845E8A-2696-45DD-8132-E71BA15ABA96} = {BC536E3A-9B66-4086-8BED-61958A91EA1E}
		{EF758F53-FDA7-4EDE-89F8-3A79D8759AE6} = {BC536E3A-9B66-4086-8BED-61958A91EA1E}
		{5D038862-A700-4A8B-945E-35E8BB4AD16C} = {BC536E3A-9B66-4086-8BED-61958A91EA1E}
		{9D39F34E-AA3D-4849-8D7C-8AD125B25321} = {BC536E3A-9B66-4086-8BED-61958A91EA1E}
		{CBCC4C10-2D32-41CB-A183-64D24F9807DB} = {BC536E3A-9B66-4086-8BED-61958A91EA1E}
		{F43FC241-9A56-485D-BC13-D23FE03CF787} = {BC536E3A-9B66-4086-8BED-61958A91EA1E}
		{FF571F38-6408-4EF7-A064-CF26F3E76881} = {BC536E3A-9B66-4086-8BED-61958A91EA1E}
		{8B9259E7-B5E4-4A2C-A371-0383C555F84A} = {BC536E3A-9B66-4086-8BED-61958A91EA1E}
		{F31AA430-AB71-45DB-B3EF-256B3FAD48C7} = {BC536E3A-9B66-4086-8BED-61958A91EA1E}
		{F0315E07-3ADE-423C-A70D-1697BFDBE2C7} = {BC536E3A-9B66-4086-8BED-61958A91EA1E}
		{ABF28A1C-5178-46E5-A4F0-F5CC2B017986} = {BC536E3A-9B66-4086-8BED-61958A91EA1E}
		{E0AA9EF0-98AE-4AC9-92DD-0666EC0A5BB1} = {BC536E3A-9B66-4086-8BED-61958A91EA1E}
		{BAC7B1EF-3DCF-4297-BF66-96D1B52ADC61} = {BC536E3A-9B66-4086-8BED-61958A91EA1E}
		{CD45BFED-00F9-4098-9402-AFC885A8F135} = {BC536E3A-9B66-4086-8BED-61958A91EA1E}
	EndGlobalSection
	GlobalSection(ExtensibilityGlobals) = postSolution
		SolutionGuid = {85C28962-AE58-4029-9E9A-7C30202C0C12}
	EndGlobalSection
EndGlobal
